
Microsoft Visual Studio Solution File, Format Version 12.00
# Visual Studio 15
VisualStudioVersion = 15.0.26403.7
MinimumVisualStudioVersion = 10.0.40219.1
Project("{FAE04EC0-301F-11D3-BF4B-00C04F79EFBC}") = "MidiJunction", "MidiJunction\MidiJunction.csproj", "{D0FD7AE6-2D68-4DA4-B363-CEE205844898}"
EndProject
Project("{FAE04EC0-301F-11D3-BF4B-00C04F79EFBC}") = "DotNetCommons", "..\DotNetCommons\DotNetCommons\DotNetCommons.csproj", "{A86D8B8B-D601-4EB9-AA0A-E03372ACC104}"
EndProject
Global
	GlobalSection(SolutionConfigurationPlatforms) = preSolution
		Debug|Any CPU = Debug|Any CPU
		Release|Any CPU = Release|Any CPU
	EndGlobalSection
	GlobalSection(ProjectConfigurationPlatforms) = postSolution
		{D0FD7AE6-2D68-4DA4-B363-CEE205844898}.Debug|Any CPU.ActiveCfg = Debug|Any CPU
		{D0FD7AE6-2D68-4DA4-B363-CEE205844898}.Debug|Any CPU.Build.0 = Debug|Any CPU
		{D0FD7AE6-2D68-4DA4-B363-CEE205844898}.Release|Any CPU.ActiveCfg = Release|Any CPU
		{D0FD7AE6-2D68-4DA4-B363-CEE205844898}.Release|Any CPU.Build.0 = Release|Any CPU
		{A86D8B8B-D601-4EB9-AA0A-E03372ACC104}.Debug|Any CPU.ActiveCfg = Debug|Any CPU
		{A86D8B8B-D601-4EB9-AA0A-E03372ACC104}.Debug|Any CPU.Build.0 = Debug|Any CPU
		{A86D8B8B-D601-4EB9-AA0A-E03372ACC104}.Release|Any CPU.ActiveCfg = Release|Any CPU
		{A86D8B8B-D601-4EB9-AA0A-E03372ACC104}.Release|Any CPU.Build.0 = Release|Any CPU
	EndGlobalSection
	GlobalSection(SolutionProperties) = preSolution
		HideSolutionNode = FALSE
	EndGlobalSection
EndGlobal
